
Microsoft Visual Studio Solution File, Format Version 11.00
# Visual Studio 2010
Project("{8BC9CEB8-8B4A-11D0-8D11-00A0C91BC942}") = "Test06-7_pass", "Test06-7_pass\Test06-7_pass.vcxproj", "{DAE9EECC-7AE4-4B3F-B9EF-1EA8C174E645}"
EndProject
Global
	GlobalSection(SolutionConfigurationPlatforms) = preSolution
		Debug|Win32 = Debug|Win32
		Release|Win32 = Release|Win32
	EndGlobalSection
	GlobalSection(ProjectConfigurationPlatforms) = postSolution
		{DAE9EECC-7AE4-4B3F-B9EF-1EA8C174E645}.Debug|Win32.ActiveCfg = Debug|Win32
		{DAE9EECC-7AE4-4B3F-B9EF-1EA8C174E645}.Debug|Win32.Build.0 = Debug|Win32
		{DAE9EECC-7AE4-4B3F-B9EF-1EA8C174E645}.Release|Win32.ActiveCfg = Release|Win32
		{DAE9EECC-7AE4-4B3F-B9EF-1EA8C174E645}.Release|Win32.Build.0 = Release|Win32
	EndGlobalSection
	GlobalSection(SolutionProperties) = preSolution
		HideSolutionNode = FALSE
	EndGlobalSection
EndGlobal
