
Microsoft Visual Studio Solution File, Format Version 11.00
# Visual Studio 2010
Project("{8BC9CEB8-8B4A-11D0-8D11-00A0C91BC942}") = "PipeRedirect", "PipeRedirect\PipeRedirect.vcxproj", "{29533739-18AF-4FB1-A5F4-0FD62123E64D}"
EndProject
Project("{8BC9CEB8-8B4A-11D0-8D11-00A0C91BC942}") = "Child", "Child\Child.vcxproj", "{0D90C769-B942-4FE0-8AA3-8001BB627DE4}"
EndProject
Global
	GlobalSection(SolutionConfigurationPlatforms) = preSolution
		Debug|Win32 = Debug|Win32
		Release|Win32 = Release|Win32
	EndGlobalSection
	GlobalSection(ProjectConfigurationPlatforms) = postSolution
		{29533739-18AF-4FB1-A5F4-0FD62123E64D}.Debug|Win32.ActiveCfg = Debug|Win32
		{29533739-18AF-4FB1-A5F4-0FD62123E64D}.Debug|Win32.Build.0 = Debug|Win32
		{29533739-18AF-4FB1-A5F4-0FD62123E64D}.Release|Win32.ActiveCfg = Release|Win32
		{29533739-18AF-4FB1-A5F4-0FD62123E64D}.Release|Win32.Build.0 = Release|Win32
		{0D90C769-B942-4FE0-8AA3-8001BB627DE4}.Debug|Win32.ActiveCfg = Debug|Win32
		{0D90C769-B942-4FE0-8AA3-8001BB627DE4}.Debug|Win32.Build.0 = Debug|Win32
		{0D90C769-B942-4FE0-8AA3-8001BB627DE4}.Release|Win32.ActiveCfg = Release|Win32
		{0D90C769-B942-4FE0-8AA3-8001BB627DE4}.Release|Win32.Build.0 = Release|Win32
	EndGlobalSection
	GlobalSection(SolutionProperties) = preSolution
		HideSolutionNode = FALSE
	EndGlobalSection
EndGlobal
