<?xml version="1.0" encoding="utf-8"?>
<Project ToolsVersion="4.0" xmlns="http://schemas.microsoft.com/developer/msbuild/2003">
  <ItemGroup>
    <Filter Include="ソース ファイル">
      <UniqueIdentifier>{7dba7ae8-45ff-4fa7-9eeb-37dd19eef59a}</UniqueIdentifier>
    </Filter>
    <Filter Include="生成されたファイル">
      <UniqueIdentifier>{806dac14-3eae-45db-a28f-fb5b8c40f991}</UniqueIdentifier>
      <SourceControlFiles>False</SourceControlFiles>
    </Filter>
  </ItemGroup>
  <ItemGroup>
    <None Include="AtlSampleps.def" />
  </ItemGroup>
  <ItemGroup>
    <ClCompile Include="AtlSample_i.c">
      <Filter>生成されたファイル</Filter>
    </ClCompile>
    <ClCompile Include="AtlSample_p.c">
      <Filter>生成されたファイル</Filter>
    </ClCompile>
    <ClCompile Include="dlldata.c">
      <Filter>生成されたファイル</Filter>
    </ClCompile>
  </ItemGroup>
</Project>