<?xml version="1.0" encoding="utf-8"?>
<Project ToolsVersion="4.0" xmlns="http://schemas.microsoft.com/developer/msbuild/2003">
  <ItemGroup>
    <Filter Include="ソース ファイル">
      <UniqueIdentifier>{1867bc58-9976-4e3c-99d9-3b911fe54c85}</UniqueIdentifier>
    </Filter>
    <Filter Include="生成されたファイル">
      <UniqueIdentifier>{cbc2ff9f-e730-4976-a95c-f88fcd20d054}</UniqueIdentifier>
      <SourceControlFiles>False</SourceControlFiles>
    </Filter>
  </ItemGroup>
  <ItemGroup>
    <None Include="AtlTestps.def" />
  </ItemGroup>
  <ItemGroup>
    <ClCompile Include="AtlTest_i.c">
      <Filter>生成されたファイル</Filter>
    </ClCompile>
    <ClCompile Include="AtlTest_p.c">
      <Filter>生成されたファイル</Filter>
    </ClCompile>
    <ClCompile Include="dlldata.c">
      <Filter>生成されたファイル</Filter>
    </ClCompile>
  </ItemGroup>
</Project>