
Microsoft Visual Studio Solution File, Format Version 11.00
# Visual Studio 2010
Project("{8BC9CEB8-8B4A-11D0-8D11-00A0C91BC942}") = "DWM_Test2", "DWM_Test2\DWM_Test2.vcxproj", "{7C793B53-4DCA-483D-A616-2D767A259CEF}"
EndProject
Global
	GlobalSection(SolutionConfigurationPlatforms) = preSolution
		Debug|Win32 = Debug|Win32
		Release|Win32 = Release|Win32
	EndGlobalSection
	GlobalSection(ProjectConfigurationPlatforms) = postSolution
		{7C793B53-4DCA-483D-A616-2D767A259CEF}.Debug|Win32.ActiveCfg = Debug|Win32
		{7C793B53-4DCA-483D-A616-2D767A259CEF}.Debug|Win32.Build.0 = Debug|Win32
		{7C793B53-4DCA-483D-A616-2D767A259CEF}.Release|Win32.ActiveCfg = Release|Win32
		{7C793B53-4DCA-483D-A616-2D767A259CEF}.Release|Win32.Build.0 = Release|Win32
	EndGlobalSection
	GlobalSection(SolutionProperties) = preSolution
		HideSolutionNode = FALSE
	EndGlobalSection
EndGlobal
