
Microsoft Visual Studio Solution File, Format Version 11.00
# Visual Studio 2010
Project("{8BC9CEB8-8B4A-11D0-8D11-00A0C91BC942}") = "TestApplication", "TestApplication\TestApplication.vcxproj", "{EA1C0599-147D-494C-B1A1-23723B411C72}"
EndProject
Global
	GlobalSection(SolutionConfigurationPlatforms) = preSolution
		Debug|Win32 = Debug|Win32
		Release|Win32 = Release|Win32
	EndGlobalSection
	GlobalSection(ProjectConfigurationPlatforms) = postSolution
		{EA1C0599-147D-494C-B1A1-23723B411C72}.Debug|Win32.ActiveCfg = Debug|Win32
		{EA1C0599-147D-494C-B1A1-23723B411C72}.Debug|Win32.Build.0 = Debug|Win32
		{EA1C0599-147D-494C-B1A1-23723B411C72}.Release|Win32.ActiveCfg = Release|Win32
		{EA1C0599-147D-494C-B1A1-23723B411C72}.Release|Win32.Build.0 = Release|Win32
	EndGlobalSection
	GlobalSection(SolutionProperties) = preSolution
		HideSolutionNode = FALSE
	EndGlobalSection
EndGlobal
