
Microsoft Visual Studio Solution File, Format Version 10.00
# Visual Studio 2008
Project("{8BC9CEB8-8B4A-11D0-8D11-00A0C91BC942}") = "TestCounter", "TestCounter\TestCounter.vcproj", "{1AE274C5-CB8B-4576-9EE0-B12CB49BA94B}"
EndProject
Global
	GlobalSection(SolutionConfigurationPlatforms) = preSolution
		Debug|Win32 = Debug|Win32
		Release|Win32 = Release|Win32
	EndGlobalSection
	GlobalSection(ProjectConfigurationPlatforms) = postSolution
		{1AE274C5-CB8B-4576-9EE0-B12CB49BA94B}.Debug|Win32.ActiveCfg = Debug|Win32
		{1AE274C5-CB8B-4576-9EE0-B12CB49BA94B}.Debug|Win32.Build.0 = Debug|Win32
		{1AE274C5-CB8B-4576-9EE0-B12CB49BA94B}.Release|Win32.ActiveCfg = Release|Win32
		{1AE274C5-CB8B-4576-9EE0-B12CB49BA94B}.Release|Win32.Build.0 = Release|Win32
	EndGlobalSection
	GlobalSection(SolutionProperties) = preSolution
		HideSolutionNode = FALSE
	EndGlobalSection
EndGlobal
